Microsoft Visual Studio Solution File, Format Version 12.00
# Visual Studio Version 17
VisualStudioVersion = 17.5.2.0
MinimumVisualStudioVersion = 10.0.40219.1
Project("{FAE04EC0-301F-11D3-BF4B-00C04F79EFBC}") = "MiniRPG", "MiniRPG.csproj", "{57F45C01-0717-C7E8-766B-2ECAE375854F}"
EndProject
Project("{FAE04EC0-301F-11D3-BF4B-00C04F79EFBC}") = "MiniRPG.Runtime", "MiniRPG.Runtime\MiniRPG.Runtime.csproj", "{CE0A2B4F-8B5B-4E3B-87C4-3D2D9DE7C2A1}"
EndProject
Project("{FAE04EC0-301F-11D3-BF4B-00C04F79EFBC}") = "MiniRPG.Server", "MiniRPG.Server\MiniRPG.Server.csproj", "{B3A7C9D4-89C6-43C2-9B88-56C0D5374D22}"
EndProject
Project("{2150E333-8FDC-42A3-9474-1A3956D46DE8}") = "Tests", "Tests", "{F8736D8E-E252-41E0-94F0-FED206487CA3}"
EndProject
Project("{FAE04EC0-301F-11D3-BF4B-00C04F79EFBC}") = "MiniRPG.Tests", "Tests\MiniRPG.Tests\MiniRPG.Tests.csproj", "{B8AB26A8-6474-4414-832D-943465FDAC7D}"
EndProject
Global
	GlobalSection(SolutionConfigurationPlatforms) = preSolution
		Debug|Any CPU = Debug|Any CPU
		Release|Any CPU = Release|Any CPU
	EndGlobalSection
	GlobalSection(ProjectConfigurationPlatforms) = postSolution
		{57F45C01-0717-C7E8-766B-2ECAE375854F}.Debug|Any CPU.ActiveCfg = Debug|Any CPU
		{57F45C01-0717-C7E8-766B-2ECAE375854F}.Debug|Any CPU.Build.0 = Debug|Any CPU
		{57F45C01-0717-C7E8-766B-2ECAE375854F}.Release|Any CPU.ActiveCfg = Release|Any CPU
		{57F45C01-0717-C7E8-766B-2ECAE375854F}.Release|Any CPU.Build.0 = Release|Any CPU
		{CE0A2B4F-8B5B-4E3B-87C4-3D2D9DE7C2A1}.Debug|Any CPU.ActiveCfg = Debug|Any CPU
		{CE0A2B4F-8B5B-4E3B-87C4-3D2D9DE7C2A1}.Debug|Any CPU.Build.0 = Debug|Any CPU
		{CE0A2B4F-8B5B-4E3B-87C4-3D2D9DE7C2A1}.Release|Any CPU.ActiveCfg = Release|Any CPU
		{CE0A2B4F-8B5B-4E3B-87C4-3D2D9DE7C2A1}.Release|Any CPU.Build.0 = Release|Any CPU
		{B3A7C9D4-89C6-43C2-9B88-56C0D5374D22}.Debug|Any CPU.ActiveCfg = Debug|Any CPU
		{B3A7C9D4-89C6-43C2-9B88-56C0D5374D22}.Debug|Any CPU.Build.0 = Debug|Any CPU
		{B3A7C9D4-89C6-43C2-9B88-56C0D5374D22}.Release|Any CPU.ActiveCfg = Release|Any CPU
		{B3A7C9D4-89C6-43C2-9B88-56C0D5374D22}.Release|Any CPU.Build.0 = Release|Any CPU
		{B8AB26A8-6474-4414-832D-943465FDAC7D}.Debug|Any CPU.ActiveCfg = Debug|Any CPU
		{B8AB26A8-6474-4414-832D-943465FDAC7D}.Debug|Any CPU.Build.0 = Debug|Any CPU
		{B8AB26A8-6474-4414-832D-943465FDAC7D}.Release|Any CPU.ActiveCfg = Release|Any CPU
		{B8AB26A8-6474-4414-832D-943465FDAC7D}.Release|Any CPU.Build.0 = Release|Any CPU
	EndGlobalSection
	GlobalSection(SolutionProperties) = preSolution
		HideSolutionNode = FALSE
	EndGlobalSection
	GlobalSection(ExtensibilityGlobals) = postSolution
		SolutionGuid = {93EF0C0E-DAC8-4A5A-AAF0-6EB07672BAE4}
	EndGlobalSection
	GlobalSection(NestedProjects) = preSolution
		{B8AB26A8-6474-4414-832D-943465FDAC7D} = {F8736D8E-E252-41E0-94F0-FED206487CA3}
	EndGlobalSection
EndGlobal
